// !$*UTF8*$!
{
	archiveVersion = 1;
	classes = {
	};
	objectVersion = 56;
	objects = {

/* Begin PBXBuildFile section */
		3B28FD422C03A4F400839B72 /* EnemeyAttackDrone.swift in Sources */ = {isa = PBXBuildFile; fileRef = 3B28FD412C03A4F400839B72 /* EnemeyAttackDrone.swift */; };
		3B37AC5E2C682939004A42CB /* blast-37988-2.mp3 in Resources */ = {isa = PBXBuildFile; fileRef = 3B37AC552C68291D004A42CB /* blast-37988-2.mp3 */; };
		3B37AC602C682939004A42CB /* popo3.mp3 in Resources */ = {isa = PBXBuildFile; fileRef = 3B37AC4D2C682461004A42CB /* popo3.mp3 */; };
		3B37AC612C682939004A42CB /* popo2.mp3 in Resources */ = {isa = PBXBuildFile; fileRef = 3B37AC482C682460004A42CB /* popo2.mp3 */; };
		3B37AC622C682939004A42CB /* star_man-155034.mp3 in Resources */ = {isa = PBXBuildFile; fileRef = 3B37AC472C682460004A42CB /* star_man-155034.mp3 */; };
		3B37AC632C682939004A42CB /* blast-37988.mp3 in Resources */ = {isa = PBXBuildFile; fileRef = 3B37AC4A2C682460004A42CB /* blast-37988.mp3 */; };
		3B37AC642C682939004A42CB /* scifiwep.mp3 in Resources */ = {isa = PBXBuildFile; fileRef = 3B37AC4C2C682461004A42CB /* scifiwep.mp3 */; };
		3B37AC652C682939004A42CB /* popo.mp3 in Resources */ = {isa = PBXBuildFile; fileRef = 3B37AC462C68245E004A42CB /* popo.mp3 */; };
		3B37AC662C682939004A42CB /* popo4.mp3 in Resources */ = {isa = PBXBuildFile; fileRef = 3B37AC492C682460004A42CB /* popo4.mp3 */; };
		3B37AC672C682939004A42CB /* Galactic Swing (Singularity Mix).mp3 in Resources */ = {isa = PBXBuildFile; fileRef = 3B37AC4B2C682461004A42CB /* Galactic Swing (Singularity Mix).mp3 */; };
		3B37AC6B2C6935F2004A42CB /* TrajectoryLineManager.swift in Sources */ = {isa = PBXBuildFile; fileRef = 3B37AC6A2C6935F2004A42CB /* TrajectoryLineManager.swift */; };
		3B37AC6D2C6939FC004A42CB /* CameraHandler.swift in Sources */ = {isa = PBXBuildFile; fileRef = 3B37AC6C2C6939FC004A42CB /* CameraHandler.swift */; };
		3B37AC6F2C693AA3004A42CB /* GameplayHandler.swift in Sources */ = {isa = PBXBuildFile; fileRef = 3B37AC6E2C693AA3004A42CB /* GameplayHandler.swift */; };
		3B37AC742C693DA6004A42CB /* JKButtonNode.swift in Sources */ = {isa = PBXBuildFile; fileRef = 3B37AC732C693D9B004A42CB /* JKButtonNode.swift */; };
		3B38090D2BCCE4420046ABA1 /* Smoke.sks in Resources */ = {isa = PBXBuildFile; fileRef = 3B38090C2BCCE4420046ABA1 /* Smoke.sks */; };
		3B3F79432BD2483E007991C1 /* bokeh.sks in Resources */ = {isa = PBXBuildFile; fileRef = 3B3F79422BD2483E007991C1 /* bokeh.sks */; };
		3B6CC9E42BCAF56D00DB4CA3 /* AppDelegate.swift in Sources */ = {isa = PBXBuildFile; fileRef = 3B6CC9E32BCAF56D00DB4CA3 /* AppDelegate.swift */; };
		3B6CC9E62BCAF56D00DB4CA3 /* Level3.sks in Resources */ = {isa = PBXBuildFile; fileRef = 3B6CC9E52BCAF56D00DB4CA3 /* Level3.sks */; };
		3B6CC9E82BCAF56D00DB4CA3 /* Actions.sks in Resources */ = {isa = PBXBuildFile; fileRef = 3B6CC9E72BCAF56D00DB4CA3 /* Actions.sks */; };
		3B6CC9EA2BCAF56D00DB4CA3 /* GameScene.swift in Sources */ = {isa = PBXBuildFile; fileRef = 3B6CC9E92BCAF56D00DB4CA3 /* GameScene.swift */; };
		3B6CC9EC2BCAF56D00DB4CA3 /* GameViewController.swift in Sources */ = {isa = PBXBuildFile; fileRef = 3B6CC9EB2BCAF56D00DB4CA3 /* GameViewController.swift */; };
		3B6CC9EF2BCAF56D00DB4CA3 /* Base in Resources */ = {isa = PBXBuildFile; fileRef = 3B6CC9EE2BCAF56D00DB4CA3 /* Base */; };
		3B6CC9F12BCAF56E00DB4CA3 /* Assets.xcassets in Resources */ = {isa = PBXBuildFile; fileRef = 3B6CC9F02BCAF56E00DB4CA3 /* Assets.xcassets */; };
		3B6CC9F42BCAF56E00DB4CA3 /* Base in Resources */ = {isa = PBXBuildFile; fileRef = 3B6CC9F32BCAF56E00DB4CA3 /* Base */; };
		3B7594872BD4A65A00B94493 /* BottomMenuBar.swift in Sources */ = {isa = PBXBuildFile; fileRef = 3B7594862BD4A65A00B94493 /* BottomMenuBar.swift */; };
		3B7594892BD4A78200B94493 /* SharedInfo.swift in Sources */ = {isa = PBXBuildFile; fileRef = 3B7594882BD4A78200B94493 /* SharedInfo.swift */; };
		3B75948B2BD593DE00B94493 /* DotGridManager.swift in Sources */ = {isa = PBXBuildFile; fileRef = 3B75948A2BD593DD00B94493 /* DotGridManager.swift */; };
		3B77DB022BCE0E9D00F9223C /* magic.sks in Resources */ = {isa = PBXBuildFile; fileRef = 3B77DB012BCE0E9D00F9223C /* magic.sks */; };
		3B77DB042BCE0EB600F9223C /* firefiles.sks in Resources */ = {isa = PBXBuildFile; fileRef = 3B77DB032BCE0EB600F9223C /* firefiles.sks */; };
		3B77DB062BCE0ED200F9223C /* spark.sks in Resources */ = {isa = PBXBuildFile; fileRef = 3B77DB052BCE0ED200F9223C /* spark.sks */; };
		3B77DB082BCE1D7C00F9223C /* Level6.sks in Resources */ = {isa = PBXBuildFile; fileRef = 3B77DB072BCE1D7C00F9223C /* Level6.sks */; };
		3B7F208E2BEB4C2C0034FDDF /* LevelCompleteMenu.swift in Sources */ = {isa = PBXBuildFile; fileRef = 3B7F208D2BEB4C2C0034FDDF /* LevelCompleteMenu.swift */; };
		3B7F20902BEB4C530034FDDF /* Menu.swift in Sources */ = {isa = PBXBuildFile; fileRef = 3B7F208F2BEB4C530034FDDF /* Menu.swift */; };
		3B7F209A2BF3096C0034FDDF /* Level1.sks in Resources */ = {isa = PBXBuildFile; fileRef = 3B7F20992BF3096C0034FDDF /* Level1.sks */; };
		3B7F209E2BF30A9A0034FDDF /* Level4.sks in Resources */ = {isa = PBXBuildFile; fileRef = 3B7F209D2BF30A9A0034FDDF /* Level4.sks */; };
		3B7F20A02BF31CCC0034FDDF /* Level7.sks in Resources */ = {isa = PBXBuildFile; fileRef = 3B7F209F2BF31CCC0034FDDF /* Level7.sks */; };
		3B7F20A22BFEE7040034FDDF /* MotherShip.swift in Sources */ = {isa = PBXBuildFile; fileRef = 3B7F20A12BFEE7040034FDDF /* MotherShip.swift */; };
		3B7F20A42C0143D00034FDDF /* BackgroundHandler.swift in Sources */ = {isa = PBXBuildFile; fileRef = 3B7F20A32C0143CF0034FDDF /* BackgroundHandler.swift */; };
		3B7F20A62C0144100034FDDF /* SoundHandler.swift in Sources */ = {isa = PBXBuildFile; fileRef = 3B7F20A52C0144100034FDDF /* SoundHandler.swift */; };
		3BBD0FF32C694AE600476E23 /* UIHandler.swift in Sources */ = {isa = PBXBuildFile; fileRef = 3BBD0FF22C694AE600476E23 /* UIHandler.swift */; };
		3BBD0FF52C69ACB900476E23 /* IntroScreen.swift in Sources */ = {isa = PBXBuildFile; fileRef = 3BBD0FF42C69ACB900476E23 /* IntroScreen.swift */; };
		3BBD0FF72C69B31E00476E23 /* MSKAnimatedLabel.swift in Sources */ = {isa = PBXBuildFile; fileRef = 3BBD0FF62C69B31E00476E23 /* MSKAnimatedLabel.swift */; };
		3BBD0FF92C7299D000476E23 /* LongRangeMissile.swift in Sources */ = {isa = PBXBuildFile; fileRef = 3BBD0FF82C7299D000476E23 /* LongRangeMissile.swift */; };
		3BBD0FFB2C72B08B00476E23 /* Level8.sks in Resources */ = {isa = PBXBuildFile; fileRef = 3BBD0FFA2C72B08B00476E23 /* Level8.sks */; };
		3BBD0FFD2C72B51900476E23 /* Enemey.swift in Sources */ = {isa = PBXBuildFile; fileRef = 3BBD0FFC2C72B51900476E23 /* Enemey.swift */; };
		3BDA785B2BCC584B00CC5618 /* Dot.swift in Sources */ = {isa = PBXBuildFile; fileRef = 3BDA785A2BCC584B00CC5618 /* Dot.swift */; };
		3BF04E752C72FE9100C55CF5 /* Sparko.sks in Resources */ = {isa = PBXBuildFile; fileRef = 3BF04E732C72FE9100C55CF5 /* Sparko.sks */; };
		3BF04E762C72FE9100C55CF5 /* Assets.xcassets in Resources */ = {isa = PBXBuildFile; fileRef = 3BF04E742C72FE9100C55CF5 /* Assets.xcassets */; };
/* End PBXBuildFile section */

/* Begin PBXFileReference section */
		3B28FD412C03A4F400839B72 /* EnemeyAttackDrone.swift */ = {isa = PBXFileReference; lastKnownFileType = sourcecode.swift; path = EnemeyAttackDrone.swift; sourceTree = "<group>"; };
		3B37AC462C68245E004A42CB /* popo.mp3 */ = {isa = PBXFileReference; lastKnownFileType = audio.mp3; path = popo.mp3; sourceTree = "<group>"; };
		3B37AC472C682460004A42CB /* star_man-155034.mp3 */ = {isa = PBXFileReference; lastKnownFileType = audio.mp3; path = "star_man-155034.mp3"; sourceTree = "<group>"; };
		3B37AC482C682460004A42CB /* popo2.mp3 */ = {isa = PBXFileReference; lastKnownFileType = audio.mp3; path = popo2.mp3; sourceTree = "<group>"; };
		3B37AC492C682460004A42CB /* popo4.mp3 */ = {isa = PBXFileReference; lastKnownFileType = audio.mp3; path = popo4.mp3; sourceTree = "<group>"; };
		3B37AC4A2C682460004A42CB /* blast-37988.mp3 */ = {isa = PBXFileReference; lastKnownFileType = audio.mp3; path = "blast-37988.mp3"; sourceTree = "<group>"; };
		3B37AC4B2C682461004A42CB /* Galactic Swing (Singularity Mix).mp3 */ = {isa = PBXFileReference; lastKnownFileType = audio.mp3; path = "Galactic Swing (Singularity Mix).mp3"; sourceTree = "<group>"; };
		3B37AC4C2C682461004A42CB /* scifiwep.mp3 */ = {isa = PBXFileReference; lastKnownFileType = audio.mp3; path = scifiwep.mp3; sourceTree = "<group>"; };
		3B37AC4D2C682461004A42CB /* popo3.mp3 */ = {isa = PBXFileReference; lastKnownFileType = audio.mp3; path = popo3.mp3; sourceTree = "<group>"; };
		3B37AC552C68291D004A42CB /* blast-37988-2.mp3 */ = {isa = PBXFileReference; lastKnownFileType = audio.mp3; path = "blast-37988-2.mp3"; sourceTree = "<group>"; };
		3B37AC6A2C6935F2004A42CB /* TrajectoryLineManager.swift */ = {isa = PBXFileReference; lastKnownFileType = sourcecode.swift; path = TrajectoryLineManager.swift; sourceTree = "<group>"; };
		3B37AC6C2C6939FC004A42CB /* CameraHandler.swift */ = {isa = PBXFileReference; lastKnownFileType = sourcecode.swift; path = CameraHandler.swift; sourceTree = "<group>"; };
		3B37AC6E2C693AA3004A42CB /* GameplayHandler.swift */ = {isa = PBXFileReference; lastKnownFileType = sourcecode.swift; path = GameplayHandler.swift; sourceTree = "<group>"; };
		3B37AC732C693D9B004A42CB /* JKButtonNode.swift */ = {isa = PBXFileReference; lastKnownFileType = sourcecode.swift; path = JKButtonNode.swift; sourceTree = "<group>"; };
		3B38090C2BCCE4420046ABA1 /* Smoke.sks */ = {isa = PBXFileReference; lastKnownFileType = file.sks; path = Smoke.sks; sourceTree = "<group>"; };
		3B3F79422BD2483E007991C1 /* bokeh.sks */ = {isa = PBXFileReference; lastKnownFileType = file.sks; path = bokeh.sks; sourceTree = "<group>"; };
		3B6CC9E02BCAF56D00DB4CA3 /* N Body No Problem.app */ = {isa = PBXFileReference; explicitFileType = wrapper.application; includeInIndex = 0; path = "N Body No Problem.app"; sourceTree = BUILT_PRODUCTS_DIR; };
		3B6CC9E32BCAF56D00DB4CA3 /* AppDelegate.swift */ = {isa = PBXFileReference; lastKnownFileType = sourcecode.swift; path = AppDelegate.swift; sourceTree = "<group>"; };
		3B6CC9E52BCAF56D00DB4CA3 /* Level3.sks */ = {isa = PBXFileReference; lastKnownFileType = file.sks; path = Level3.sks; sourceTree = "<group>"; };
		3B6CC9E72BCAF56D00DB4CA3 /* Actions.sks */ = {isa = PBXFileReference; lastKnownFileType = file.sks; path = Actions.sks; sourceTree = "<group>"; };
		3B6CC9E92BCAF56D00DB4CA3 /* GameScene.swift */ = {isa = PBXFileReference; lastKnownFileType = sourcecode.swift; path = GameScene.swift; sourceTree = "<group>"; };
		3B6CC9EB2BCAF56D00DB4CA3 /* GameViewController.swift */ = {isa = PBXFileReference; lastKnownFileType = sourcecode.swift; path = GameViewController.swift; sourceTree = "<group>"; };
		3B6CC9EE2BCAF56D00DB4CA3 /* Base */ = {isa = PBXFileReference; lastKnownFileType = file.storyboard; name = Base; path = Base.lproj/Main.storyboard; sourceTree = "<group>"; };
		3B6CC9F02BCAF56E00DB4CA3 /* Assets.xcassets */ = {isa = PBXFileReference; lastKnownFileType = folder.assetcatalog; path = Assets.xcassets; sourceTree = "<group>"; };
		3B6CC9F32BCAF56E00DB4CA3 /* Base */ = {isa = PBXFileReference; lastKnownFileType = file.storyboard; name = Base; path = Base.lproj/LaunchScreen.storyboard; sourceTree = "<group>"; };
		3B7594862BD4A65A00B94493 /* BottomMenuBar.swift */ = {isa = PBXFileReference; lastKnownFileType = sourcecode.swift; path = BottomMenuBar.swift; sourceTree = "<group>"; };
		3B7594882BD4A78200B94493 /* SharedInfo.swift */ = {isa = PBXFileReference; fileEncoding = 4; lastKnownFileType = sourcecode.swift; name = SharedInfo.swift; path = ../../../Foldobo/Foldobo/SharedInfo.swift; sourceTree = "<group>"; };
		3B75948A2BD593DD00B94493 /* DotGridManager.swift */ = {isa = PBXFileReference; lastKnownFileType = sourcecode.swift; path = DotGridManager.swift; sourceTree = "<group>"; };
		3B77DB012BCE0E9D00F9223C /* magic.sks */ = {isa = PBXFileReference; lastKnownFileType = file.sks; path = magic.sks; sourceTree = "<group>"; };
		3B77DB032BCE0EB600F9223C /* firefiles.sks */ = {isa = PBXFileReference; lastKnownFileType = file.sks; path = firefiles.sks; sourceTree = "<group>"; };
		3B77DB052BCE0ED200F9223C /* spark.sks */ = {isa = PBXFileReference; lastKnownFileType = file.sks; path = spark.sks; sourceTree = "<group>"; };
		3B77DB072BCE1D7C00F9223C /* Level6.sks */ = {isa = PBXFileReference; lastKnownFileType = file.sks; path = Level6.sks; sourceTree = "<group>"; };
		3B7F208D2BEB4C2C0034FDDF /* LevelCompleteMenu.swift */ = {isa = PBXFileReference; lastKnownFileType = sourcecode.swift; path = LevelCompleteMenu.swift; sourceTree = "<group>"; };
		3B7F208F2BEB4C530034FDDF /* Menu.swift */ = {isa = PBXFileReference; lastKnownFileType = sourcecode.swift; path = Menu.swift; sourceTree = "<group>"; };
		3B7F20992BF3096C0034FDDF /* Level1.sks */ = {isa = PBXFileReference; lastKnownFileType = file.sks; path = Level1.sks; sourceTree = "<group>"; };
		3B7F209D2BF30A9A0034FDDF /* Level4.sks */ = {isa = PBXFileReference; lastKnownFileType = file.sks; path = Level4.sks; sourceTree = "<group>"; };
		3B7F209F2BF31CCC0034FDDF /* Level7.sks */ = {isa = PBXFileReference; lastKnownFileType = file.sks; path = Level7.sks; sourceTree = "<group>"; };
		3B7F20A12BFEE7040034FDDF /* MotherShip.swift */ = {isa = PBXFileReference; lastKnownFileType = sourcecode.swift; path = MotherShip.swift; sourceTree = "<group>"; };
		3B7F20A32C0143CF0034FDDF /* BackgroundHandler.swift */ = {isa = PBXFileReference; lastKnownFileType = sourcecode.swift; path = BackgroundHandler.swift; sourceTree = "<group>"; };
		3B7F20A52C0144100034FDDF /* SoundHandler.swift */ = {isa = PBXFileReference; lastKnownFileType = sourcecode.swift; path = SoundHandler.swift; sourceTree = "<group>"; };
		3BBD0FF22C694AE600476E23 /* UIHandler.swift */ = {isa = PBXFileReference; lastKnownFileType = sourcecode.swift; path = UIHandler.swift; sourceTree = "<group>"; };
		3BBD0FF42C69ACB900476E23 /* IntroScreen.swift */ = {isa = PBXFileReference; lastKnownFileType = sourcecode.swift; path = IntroScreen.swift; sourceTree = "<group>"; };
		3BBD0FF62C69B31E00476E23 /* MSKAnimatedLabel.swift */ = {isa = PBXFileReference; lastKnownFileType = sourcecode.swift; path = MSKAnimatedLabel.swift; sourceTree = "<group>"; };
		3BBD0FF82C7299D000476E23 /* LongRangeMissile.swift */ = {isa = PBXFileReference; lastKnownFileType = sourcecode.swift; path = LongRangeMissile.swift; sourceTree = "<group>"; };
		3BBD0FFA2C72B08B00476E23 /* Level8.sks */ = {isa = PBXFileReference; lastKnownFileType = file.sks; path = Level8.sks; sourceTree = "<group>"; };
		3BBD0FFC2C72B51900476E23 /* Enemey.swift */ = {isa = PBXFileReference; lastKnownFileType = sourcecode.swift; path = Enemey.swift; sourceTree = "<group>"; };
		3BDA785A2BCC584B00CC5618 /* Dot.swift */ = {isa = PBXFileReference; lastKnownFileType = sourcecode.swift; path = Dot.swift; sourceTree = "<group>"; };
		3BF04E732C72FE9100C55CF5 /* Sparko.sks */ = {isa = PBXFileReference; lastKnownFileType = file.sks; path = Sparko.sks; sourceTree = "<group>"; };
		3BF04E742C72FE9100C55CF5 /* Assets.xcassets */ = {isa = PBXFileReference; lastKnownFileType = folder.assetcatalog; path = Assets.xcassets; sourceTree = "<group>"; };
/* End PBXFileReference section */

/* Begin PBXFrameworksBuildPhase section */
		3B6CC9DD2BCAF56D00DB4CA3 /* Frameworks */ = {
			isa = PBXFrameworksBuildPhase;
			buildActionMask = 2147483647;
			files = (
			);
			runOnlyForDeploymentPostprocessing = 0;
		};
/* End PBXFrameworksBuildPhase section */

/* Begin PBXGroup section */
		3B37AC452C68245A004A42CB /* Sounds */ = {
			isa = PBXGroup;
			children = (
				3B37AC472C682460004A42CB /* star_man-155034.mp3 */,
				3B37AC482C682460004A42CB /* popo2.mp3 */,
				3B37AC552C68291D004A42CB /* blast-37988-2.mp3 */,
				3B37AC4D2C682461004A42CB /* popo3.mp3 */,
				3B37AC492C682460004A42CB /* popo4.mp3 */,
				3B37AC4A2C682460004A42CB /* blast-37988.mp3 */,
				3B37AC4B2C682461004A42CB /* Galactic Swing (Singularity Mix).mp3 */,
				3B37AC4C2C682461004A42CB /* scifiwep.mp3 */,
				3B37AC462C68245E004A42CB /* popo.mp3 */,
			);
			path = Sounds;
			sourceTree = "<group>";
		};
		3B37AC702C693D63004A42CB /* Handlers */ = {
			isa = PBXGroup;
			children = (
				3B7F208D2BEB4C2C0034FDDF /* LevelCompleteMenu.swift */,
				3BBD0FF22C694AE600476E23 /* UIHandler.swift */,
				3B37AC6E2C693AA3004A42CB /* GameplayHandler.swift */,
				3B37AC6C2C6939FC004A42CB /* CameraHandler.swift */,
				3B37AC6A2C6935F2004A42CB /* TrajectoryLineManager.swift */,
				3B7F20A32C0143CF0034FDDF /* BackgroundHandler.swift */,
				3B75948A2BD593DD00B94493 /* DotGridManager.swift */,
				3B7594862BD4A65A00B94493 /* BottomMenuBar.swift */,
				3B7F208F2BEB4C530034FDDF /* Menu.swift */,
				3B7F20A52C0144100034FDDF /* SoundHandler.swift */,
			);
			path = Handlers;
			sourceTree = "<group>";
		};
		3B37AC712C693D72004A42CB /* Enteties */ = {
			isa = PBXGroup;
			children = (
				3B28FD412C03A4F400839B72 /* EnemeyAttackDrone.swift */,
				3BBD0FFC2C72B51900476E23 /* Enemey.swift */,
				3B7F20A12BFEE7040034FDDF /* MotherShip.swift */,
				3BDA785A2BCC584B00CC5618 /* Dot.swift */,
				3BBD0FF82C7299D000476E23 /* LongRangeMissile.swift */,
			);
			path = Enteties;
			sourceTree = "<group>";
		};
		3B37AC722C693D96004A42CB /* Utilities */ = {
			isa = PBXGroup;
			children = (
				3B37AC732C693D9B004A42CB /* JKButtonNode.swift */,
			);
			path = Utilities;
			sourceTree = "<group>";
		};
		3B6CC9D72BCAF56D00DB4CA3 = {
			isa = PBXGroup;
			children = (
				3B6CC9E22BCAF56D00DB4CA3 /* N Body No Problem */,
				3B6CC9E12BCAF56D00DB4CA3 /* Products */,
			);
			sourceTree = "<group>";
		};
		3B6CC9E12BCAF56D00DB4CA3 /* Products */ = {
			isa = PBXGroup;
			children = (
				3B6CC9E02BCAF56D00DB4CA3 /* N Body No Problem.app */,
			);
			name = Products;
			sourceTree = "<group>";
		};
		3B6CC9E22BCAF56D00DB4CA3 /* N Body No Problem */ = {
			isa = PBXGroup;
			children = (
				3B6CC9E32BCAF56D00DB4CA3 /* AppDelegate.swift */,
				3B6CC9EB2BCAF56D00DB4CA3 /* GameViewController.swift */,
				3B7594882BD4A78200B94493 /* SharedInfo.swift */,
				3B6CC9E92BCAF56D00DB4CA3 /* GameScene.swift */,
				3BBD0FF42C69ACB900476E23 /* IntroScreen.swift */,
				3BBD0FF62C69B31E00476E23 /* MSKAnimatedLabel.swift */,
				3B37AC702C693D63004A42CB /* Handlers */,
				3B37AC712C693D72004A42CB /* Enteties */,
				3B37AC722C693D96004A42CB /* Utilities */,
				3B37AC452C68245A004A42CB /* Sounds */,
				3B7594832BD4471500B94493 /* Particles */,
				3B7594822BD4470B00B94493 /* Levels */,
				3B6CC9E72BCAF56D00DB4CA3 /* Actions.sks */,
				3B6CC9ED2BCAF56D00DB4CA3 /* Main.storyboard */,
				3B6CC9F02BCAF56E00DB4CA3 /* Assets.xcassets */,
				3B6CC9F22BCAF56E00DB4CA3 /* LaunchScreen.storyboard */,
			);
			path = "N Body No Problem";
			sourceTree = "<group>";
		};
		3B7594822BD4470B00B94493 /* Levels */ = {
			isa = PBXGroup;
			children = (
				3B6CC9E52BCAF56D00DB4CA3 /* Level3.sks */,
				3B7F20992BF3096C0034FDDF /* Level1.sks */,
				3B7F209D2BF30A9A0034FDDF /* Level4.sks */,
				3B7F209F2BF31CCC0034FDDF /* Level7.sks */,
				3BBD0FFA2C72B08B00476E23 /* Level8.sks */,
				3B77DB072BCE1D7C00F9223C /* Level6.sks */,
			);
			path = Levels;
			sourceTree = "<group>";
		};
		3B7594832BD4471500B94493 /* Particles */ = {
			isa = PBXGroup;
			children = (
				3B3F79422BD2483E007991C1 /* bokeh.sks */,
				3B77DB032BCE0EB600F9223C /* firefiles.sks */,
				3B38090C2BCCE4420046ABA1 /* Smoke.sks */,
				3B77DB052BCE0ED200F9223C /* spark.sks */,
				3B77DB012BCE0E9D00F9223C /* magic.sks */,
				3BF04E732C72FE9100C55CF5 /* Sparko.sks */,
				3BF04E742C72FE9100C55CF5 /* Assets.xcassets */,
			);
			path = Particles;
			sourceTree = "<group>";
		};
/* End PBXGroup section */

/* Begin PBXNativeTarget section */
		3B6CC9DF2BCAF56D00DB4CA3 /* N Body No Problem */ = {
			isa = PBXNativeTarget;
			buildConfigurationList = 3B6CC9F72BCAF56E00DB4CA3 /* Build configuration list for PBXNativeTarget "N Body No Problem" */;
			buildPhases = (
				3B6CC9DC2BCAF56D00DB4CA3 /* Sources */,
				3B6CC9DD2BCAF56D00DB4CA3 /* Frameworks */,
				3B6CC9DE2BCAF56D00DB4CA3 /* Resources */,
			);
			buildRules = (
			);
			dependencies = (
			);
			name = "N Body No Problem";
			productName = "N Body No Problem";
			productReference = 3B6CC9E02BCAF56D00DB4CA3 /* N Body No Problem.app */;
			productType = "com.apple.product-type.application";
		};
/* End PBXNativeTarget section */

/* Begin PBXProject section */
		3B6CC9D82BCAF56D00DB4CA3 /* Project object */ = {
			isa = PBXProject;
			attributes = {
				BuildIndependentTargetsInParallel = 1;
				LastSwiftUpdateCheck = 1530;
				LastUpgradeCheck = 1530;
				TargetAttributes = {
					3B6CC9DF2BCAF56D00DB4CA3 = {
						CreatedOnToolsVersion = 15.3;
					};
				};
			};
			buildConfigurationList = 3B6CC9DB2BCAF56D00DB4CA3 /* Build configuration list for PBXProject "N Body No Problem" */;
			compatibilityVersion = "Xcode 14.0";
			developmentRegion = en;
			hasScannedForEncodings = 0;
			knownRegions = (
				en,
				Base,
			);
			mainGroup = 3B6CC9D72BCAF56D00DB4CA3;
			productRefGroup = 3B6CC9E12BCAF56D00DB4CA3 /* Products */;
			projectDirPath = "";
			projectRoot = "";
			targets = (
				3B6CC9DF2BCAF56D00DB4CA3 /* N Body No Problem */,
			);
		};
/* End PBXProject section */

/* Begin PBXResourcesBuildPhase section */
		3B6CC9DE2BCAF56D00DB4CA3 /* Resources */ = {
			isa = PBXResourcesBuildPhase;
			buildActionMask = 2147483647;
			files = (
				3B77DB082BCE1D7C00F9223C /* Level6.sks in Resources */,
				3BBD0FFB2C72B08B00476E23 /* Level8.sks in Resources */,
				3B77DB022BCE0E9D00F9223C /* magic.sks in Resources */,
				3B77DB062BCE0ED200F9223C /* spark.sks in Resources */,
				3B6CC9E62BCAF56D00DB4CA3 /* Level3.sks in Resources */,
				3B6CC9EF2BCAF56D00DB4CA3 /* Base in Resources */,
				3B3F79432BD2483E007991C1 /* bokeh.sks in Resources */,
				3B6CC9F12BCAF56E00DB4CA3 /* Assets.xcassets in Resources */,
				3B6CC9E82BCAF56D00DB4CA3 /* Actions.sks in Resources */,
				3B7F209A2BF3096C0034FDDF /* Level1.sks in Resources */,
				3B77DB042BCE0EB600F9223C /* firefiles.sks in Resources */,
				3BF04E752C72FE9100C55CF5 /* Sparko.sks in Resources */,
				3BF04E762C72FE9100C55CF5 /* Assets.xcassets in Resources */,
				3B7F20A02BF31CCC0034FDDF /* Level7.sks in Resources */,
				3B7F209E2BF30A9A0034FDDF /* Level4.sks in Resources */,
				3B37AC5E2C682939004A42CB /* blast-37988-2.mp3 in Resources */,
				3B37AC602C682939004A42CB /* popo3.mp3 in Resources */,
				3B37AC612C682939004A42CB /* popo2.mp3 in Resources */,
				3B37AC622C682939004A42CB /* star_man-155034.mp3 in Resources */,
				3B37AC632C682939004A42CB /* blast-37988.mp3 in Resources */,
				3B37AC642C682939004A42CB /* scifiwep.mp3 in Resources */,
				3B37AC652C682939004A42CB /* popo.mp3 in Resources */,
				3B37AC662C682939004A42CB /* popo4.mp3 in Resources */,
				3B37AC672C682939004A42CB /* Galactic Swing (Singularity Mix).mp3 in Resources */,
				3B6CC9F42BCAF56E00DB4CA3 /* Base in Resources */,
				3B38090D2BCCE4420046ABA1 /* Smoke.sks in Resources */,
			);
			runOnlyForDeploymentPostprocessing = 0;
		};
/* End PBXResourcesBuildPhase section */

/* Begin PBXSourcesBuildPhase section */
		3B6CC9DC2BCAF56D00DB4CA3 /* Sources */ = {
			isa = PBXSourcesBuildPhase;
			buildActionMask = 2147483647;
			files = (
				3B6CC9EA2BCAF56D00DB4CA3 /* GameScene.swift in Sources */,
				3B37AC6F2C693AA3004A42CB /* GameplayHandler.swift in Sources */,
				3B7594872BD4A65A00B94493 /* BottomMenuBar.swift in Sources */,
				3B7F208E2BEB4C2C0034FDDF /* LevelCompleteMenu.swift in Sources */,
				3B7F20902BEB4C530034FDDF /* Menu.swift in Sources */,
				3BBD0FF92C7299D000476E23 /* LongRangeMissile.swift in Sources */,
				3B37AC6D2C6939FC004A42CB /* CameraHandler.swift in Sources */,
				3B7F20A22BFEE7040034FDDF /* MotherShip.swift in Sources */,
				3BBD0FFD2C72B51900476E23 /* Enemey.swift in Sources */,
				3BBD0FF72C69B31E00476E23 /* MSKAnimatedLabel.swift in Sources */,
				3B6CC9EC2BCAF56D00DB4CA3 /* GameViewController.swift in Sources */,
				3BBD0FF32C694AE600476E23 /* UIHandler.swift in Sources */,
				3B6CC9E42BCAF56D00DB4CA3 /* AppDelegate.swift in Sources */,
				3BBD0FF52C69ACB900476E23 /* IntroScreen.swift in Sources */,
				3B7F20A42C0143D00034FDDF /* BackgroundHandler.swift in Sources */,
				3BDA785B2BCC584B00CC5618 /* Dot.swift in Sources */,
				3B37AC742C693DA6004A42CB /* JKButtonNode.swift in Sources */,
				3B37AC6B2C6935F2004A42CB /* TrajectoryLineManager.swift in Sources */,
				3B7F20A62C0144100034FDDF /* SoundHandler.swift in Sources */,
				3B7594892BD4A78200B94493 /* SharedInfo.swift in Sources */,
				3B75948B2BD593DE00B94493 /* DotGridManager.swift in Sources */,
				3B28FD422C03A4F400839B72 /* EnemeyAttackDrone.swift in Sources */,
			);
			runOnlyForDeploymentPostprocessing = 0;
		};
/* End PBXSourcesBuildPhase section */

/* Begin PBXVariantGroup section */
		3B6CC9ED2BCAF56D00DB4CA3 /* Main.storyboard */ = {
			isa = PBXVariantGroup;
			children = (
				3B6CC9EE2BCAF56D00DB4CA3 /* Base */,
			);
			name = Main.storyboard;
			sourceTree = "<group>";
		};
		3B6CC9F22BCAF56E00DB4CA3 /* LaunchScreen.storyboard */ = {
			isa = PBXVariantGroup;
			children = (
				3B6CC9F32BCAF56E00DB4CA3 /* Base */,
			);
			name = LaunchScreen.storyboard;
			sourceTree = "<group>";
		};
/* End PBXVariantGroup section */

/* Begin XCBuildConfiguration section */
		3B6CC9F52BCAF56E00DB4CA3 /* Debug */ = {
			isa = XCBuildConfiguration;
			buildSettings = {
				ALWAYS_SEARCH_USER_PATHS = NO;
				ASSETCATALOG_COMPILER_GENERATE_SWIFT_ASSET_SYMBOL_EXTENSIONS = YES;
				CLANG_ANALYZER_NONNULL = YES;
				CLANG_ANALYZER_NUMBER_OBJECT_CONVERSION = YES_AGGRESSIVE;
				CLANG_CXX_LANGUAGE_STANDARD = "gnu++20";
				CLANG_ENABLE_MODULES = YES;
				CLANG_ENABLE_OBJC_ARC = YES;
				CLANG_ENABLE_OBJC_WEAK = YES;
				CLANG_WARN_BLOCK_CAPTURE_AUTORELEASING = YES;
				CLANG_WARN_BOOL_CONVERSION = YES;
				CLANG_WARN_COMMA = YES;
				CLANG_WARN_CONSTANT_CONVERSION = YES;
				CLANG_WARN_DEPRECATED_OBJC_IMPLEMENTATIONS = YES;
				CLANG_WARN_DIRECT_OBJC_ISA_USAGE = YES_ERROR;
				CLANG_WARN_DOCUMENTATION_COMMENTS = YES;
				CLANG_WARN_EMPTY_BODY = YES;
				CLANG_WARN_ENUM_CONVERSION = YES;
				CLANG_WARN_INFINITE_RECURSION = YES;
				CLANG_WARN_INT_CONVERSION = YES;
				CLANG_WARN_NON_LITERAL_NULL_CONVERSION = YES;
				CLANG_WARN_OBJC_IMPLICIT_RETAIN_SELF = YES;
				CLANG_WARN_OBJC_LITERAL_CONVERSION = YES;
				CLANG_WARN_OBJC_ROOT_CLASS = YES_ERROR;
				CLANG_WARN_QUOTED_INCLUDE_IN_FRAMEWORK_HEADER = YES;
				CLANG_WARN_RANGE_LOOP_ANALYSIS = YES;
				CLANG_WARN_STRICT_PROTOTYPES = YES;
				CLANG_WARN_SUSPICIOUS_MOVE = YES;
				CLANG_WARN_UNGUARDED_AVAILABILITY = YES_AGGRESSIVE;
				CLANG_WARN_UNREACHABLE_CODE = YES;
				CLANG_WARN__DUPLICATE_METHOD_MATCH = YES;
				COPY_PHASE_STRIP = NO;
				DEBUG_INFORMATION_FORMAT = dwarf;
				ENABLE_STRICT_OBJC_MSGSEND = YES;
				ENABLE_TESTABILITY = YES;
				ENABLE_USER_SCRIPT_SANDBOXING = YES;
				GCC_C_LANGUAGE_STANDARD = gnu17;
				GCC_DYNAMIC_NO_PIC = NO;
				GCC_NO_COMMON_BLOCKS = YES;
				GCC_OPTIMIZATION_LEVEL = 0;
				GCC_PREPROCESSOR_DEFINITIONS = (
					"DEBUG=1",
					"$(inherited)",
				);
				GCC_WARN_64_TO_32_BIT_CONVERSION = YES;
				GCC_WARN_ABOUT_RETURN_TYPE = YES_ERROR;
				GCC_WARN_UNDECLARED_SELECTOR = YES;
				GCC_WARN_UNINITIALIZED_AUTOS = YES_AGGRESSIVE;
				GCC_WARN_UNUSED_FUNCTION = YES;
				GCC_WARN_UNUSED_VARIABLE = YES;
				IPHONEOS_DEPLOYMENT_TARGET = 17.4;
				LOCALIZATION_PREFERS_STRING_CATALOGS = YES;
				MTL_ENABLE_DEBUG_INFO = INCLUDE_SOURCE;
				MTL_FAST_MATH = YES;
				ONLY_ACTIVE_ARCH = YES;
				SDKROOT = iphoneos;
				SWIFT_ACTIVE_COMPILATION_CONDITIONS = "DEBUG $(inherited)";
				SWIFT_OPTIMIZATION_LEVEL = "-Onone";
			};
			name = Debug;
		};
		3B6CC9F62BCAF56E00DB4CA3 /* Release */ = {
			isa = XCBuildConfiguration;
			buildSettings = {
				ALWAYS_SEARCH_USER_PATHS = NO;
				ASSETCATALOG_COMPILER_GENERATE_SWIFT_ASSET_SYMBOL_EXTENSIONS = YES;
				CLANG_ANALYZER_NONNULL = YES;
				CLANG_ANALYZER_NUMBER_OBJECT_CONVERSION = YES_AGGRESSIVE;
				CLANG_CXX_LANGUAGE_STANDARD = "gnu++20";
				CLANG_ENABLE_MODULES = YES;
				CLANG_ENABLE_OBJC_ARC = YES;
				CLANG_ENABLE_OBJC_WEAK = YES;
				CLANG_WARN_BLOCK_CAPTURE_AUTORELEASING = YES;
				CLANG_WARN_BOOL_CONVERSION = YES;
				CLANG_WARN_COMMA = YES;
				CLANG_WARN_CONSTANT_CONVERSION = YES;
				CLANG_WARN_DEPRECATED_OBJC_IMPLEMENTATIONS = YES;
				CLANG_WARN_DIRECT_OBJC_ISA_USAGE = YES_ERROR;
				CLANG_WARN_DOCUMENTATION_COMMENTS = YES;
				CLANG_WARN_EMPTY_BODY = YES;
				CLANG_WARN_ENUM_CONVERSION = YES;
				CLANG_WARN_INFINITE_RECURSION = YES;
				CLANG_WARN_INT_CONVERSION = YES;
				CLANG_WARN_NON_LITERAL_NULL_CONVERSION = YES;
				CLANG_WARN_OBJC_IMPLICIT_RETAIN_SELF = YES;
				CLANG_WARN_OBJC_LITERAL_CONVERSION = YES;
				CLANG_WARN_OBJC_ROOT_CLASS = YES_ERROR;
				CLANG_WARN_QUOTED_INCLUDE_IN_FRAMEWORK_HEADER = YES;
				CLANG_WARN_RANGE_LOOP_ANALYSIS = YES;
				CLANG_WARN_STRICT_PROTOTYPES = YES;
				CLANG_WARN_SUSPICIOUS_MOVE = YES;
				CLANG_WARN_UNGUARDED_AVAILABILITY = YES_AGGRESSIVE;
				CLANG_WARN_UNREACHABLE_CODE = YES;
				CLANG_WARN__DUPLICATE_METHOD_MATCH = YES;
				COPY_PHASE_STRIP = NO;
				DEBUG_INFORMATION_FORMAT = "dwarf-with-dsym";
				ENABLE_NS_ASSERTIONS = NO;
				ENABLE_STRICT_OBJC_MSGSEND = YES;
				ENABLE_USER_SCRIPT_SANDBOXING = YES;
				GCC_C_LANGUAGE_STANDARD = gnu17;
				GCC_NO_COMMON_BLOCKS = YES;
				GCC_WARN_64_TO_32_BIT_CONVERSION = YES;
				GCC_WARN_ABOUT_RETURN_TYPE = YES_ERROR;
				GCC_WARN_UNDECLARED_SELECTOR = YES;
				GCC_WARN_UNINITIALIZED_AUTOS = YES_AGGRESSIVE;
				GCC_WARN_UNUSED_FUNCTION = YES;
				GCC_WARN_UNUSED_VARIABLE = YES;
				IPHONEOS_DEPLOYMENT_TARGET = 17.4;
				LOCALIZATION_PREFERS_STRING_CATALOGS = YES;
				MTL_ENABLE_DEBUG_INFO = NO;
				MTL_FAST_MATH = YES;
				SDKROOT = iphoneos;
				SWIFT_COMPILATION_MODE = wholemodule;
				VALIDATE_PRODUCT = YES;
			};
			name = Release;
		};
		3B6CC9F82BCAF56E00DB4CA3 /* Debug */ = {
			isa = XCBuildConfiguration;
			buildSettings = {
				ASSETCATALOG_COMPILER_APPICON_NAME = AppIcon;
				ASSETCATALOG_COMPILER_GLOBAL_ACCENT_COLOR_NAME = AccentColor;
				CODE_SIGN_STYLE = Automatic;
				CURRENT_PROJECT_VERSION = 1;
				DEVELOPMENT_TEAM = 7YWUHB5HZ5;
				GENERATE_INFOPLIST_FILE = YES;
				INFOPLIST_KEY_CFBundleDisplayName = CosmicSwing;
				INFOPLIST_KEY_UIApplicationSupportsIndirectInputEvents = YES;
				INFOPLIST_KEY_UILaunchStoryboardName = LaunchScreen;
				INFOPLIST_KEY_UIMainStoryboardFile = Main;
				INFOPLIST_KEY_UIStatusBarHidden = YES;
				INFOPLIST_KEY_UISupportedInterfaceOrientations = UIInterfaceOrientationPortrait;
				INFOPLIST_KEY_UISupportedInterfaceOrientations_iPad = "UIInterfaceOrientationLandscapeLeft UIInterfaceOrientationLandscapeRight";
				IPHONEOS_DEPLOYMENT_TARGET = 14.0;
				LD_RUNPATH_SEARCH_PATHS = (
					"$(inherited)",
					"@executable_path/Frameworks",
				);
				MARKETING_VERSION = 1.0;
				PRODUCT_BUNDLE_IDENTIFIER = "PALMAPAZ.N-Body-No-Problem";
				PRODUCT_NAME = "$(TARGET_NAME)";
				SWIFT_EMIT_LOC_STRINGS = YES;
				SWIFT_VERSION = 5.0;
				TARGETED_DEVICE_FAMILY = "1,2";
			};
			name = Debug;
		};
		3B6CC9F92BCAF56E00DB4CA3 /* Release */ = {
			isa = XCBuildConfiguration;
			buildSettings = {
				ASSETCATALOG_COMPILER_APPICON_NAME = AppIcon;
				ASSETCATALOG_COMPILER_GLOBAL_ACCENT_COLOR_NAME = AccentColor;
				CODE_SIGN_STYLE = Automatic;
				CURRENT_PROJECT_VERSION = 1;
				DEVELOPMENT_TEAM = 7YWUHB5HZ5;
				GENERATE_INFOPLIST_FILE = YES;
				INFOPLIST_KEY_CFBundleDisplayName = CosmicSwing;
				INFOPLIST_KEY_UIApplicationSupportsIndirectInputEvents = YES;
				INFOPLIST_KEY_UILaunchStoryboardName = LaunchScreen;
				INFOPLIST_KEY_UIMainStoryboardFile = Main;
				INFOPLIST_KEY_UIStatusBarHidden = YES;
				INFOPLIST_KEY_UISupportedInterfaceOrientations = UIInterfaceOrientationPortrait;
				INFOPLIST_KEY_UISupportedInterfaceOrientations_iPad = "UIInterfaceOrientationLandscapeLeft UIInterfaceOrientationLandscapeRight";
				IPHONEOS_DEPLOYMENT_TARGET = 14.0;
				LD_RUNPATH_SEARCH_PATHS = (
					"$(inherited)",
					"@executable_path/Frameworks",
				);
				MARKETING_VERSION = 1.0;
				PRODUCT_BUNDLE_IDENTIFIER = "PALMAPAZ.N-Body-No-Problem";
				PRODUCT_NAME = "$(TARGET_NAME)";
				SWIFT_EMIT_LOC_STRINGS = YES;
				SWIFT_VERSION = 5.0;
				TARGETED_DEVICE_FAMILY = "1,2";
			};
			name = Release;
		};
/* End XCBuildConfiguration section */

/* Begin XCConfigurationList section */
		3B6CC9DB2BCAF56D00DB4CA3 /* Build configuration list for PBXProject "N Body No Problem" */ = {
			isa = XCConfigurationList;
			buildConfigurations = (
				3B6CC9F52BCAF56E00DB4CA3 /* Debug */,
				3B6CC9F62BCAF56E00DB4CA3 /* Release */,
			);
			defaultConfigurationIsVisible = 0;
			defaultConfigurationName = Release;
		};
		3B6CC9F72BCAF56E00DB4CA3 /* Build configuration list for PBXNativeTarget "N Body No Problem" */ = {
			isa = XCConfigurationList;
			buildConfigurations = (
				3B6CC9F82BCAF56E00DB4CA3 /* Debug */,
				3B6CC9F92BCAF56E00DB4CA3 /* Release */,
			);
			defaultConfigurationIsVisible = 0;
			defaultConfigurationName = Release;
		};
/* End XCConfigurationList section */
	};
	rootObject = 3B6CC9D82BCAF56D00DB4CA3 /* Project object */;
}
